{
  "name": "assigntwo25",
  "lockfileVersion": 3,
  "requires": true,
  "packages": {
    "": {
      "dependencies": {
        "fullpage.js": "^4.0.34"
      }
    },
    "node_modules/fullpage.js": {
      "version": "4.0.34",
      "resolved": "https://registry.npmjs.org/fullpage.js/-/fullpage.js-4.0.34.tgz",
      "integrity": "sha512-jLZrqhK9PDRdpN82UwbNLYaINjZTGbBahV6FASP4b1yXaS8U3G+ty2nZ+XIIfjN08Ej0UgvSfPnmWDR7CWxwNw==",
      "funding": [
        {
          "type": "GitHub Sponsors",
          "url": "https://github.com/sponsors/alvarotrigo"
        }
      ],
      "license": "GPL-3.0"
    }
  }
}
